
Microsoft Visual Studio Solution File, Format Version 12.00
# Visual Studio Version 17
VisualStudioVersion = 17.9.34728.123
MinimumVisualStudioVersion = 10.0.40219.1
Project("{FAE04EC0-301F-11D3-BF4B-00C04F79EFBC}") = "CustomExceptions", "CustomExceptions\CustomExceptions.csproj", "{E6224717-8089-4148-893B-DED1C8539B68}"
EndProject
Global
	GlobalSection(SolutionConfigurationPlatforms) = preSolution
		Debug|Any CPU = Debug|Any CPU
		Release|Any CPU = Release|Any CPU
	EndGlobalSection
	GlobalSection(ProjectConfigurationPlatforms) = postSolution
		{E6224717-8089-4148-893B-DED1C8539B68}.Debug|Any CPU.ActiveCfg = Debug|Any CPU
		{E6224717-8089-4148-893B-DED1C8539B68}.Debug|Any CPU.Build.0 = Debug|Any CPU
		{E6224717-8089-4148-893B-DED1C8539B68}.Release|Any CPU.ActiveCfg = Release|Any CPU
		{E6224717-8089-4148-893B-DED1C8539B68}.Release|Any CPU.Build.0 = Release|Any CPU
	EndGlobalSection
	GlobalSection(SolutionProperties) = preSolution
		HideSolutionNode = FALSE
	EndGlobalSection
	GlobalSection(ExtensibilityGlobals) = postSolution
		SolutionGuid = {105E1ABA-094D-4C76-92E8-83750AADA5C7}
	EndGlobalSection
EndGlobal
